
Microsoft Visual Studio Solution File, Format Version 12.00
# Visual Studio Version 17
VisualStudioVersion = 17.3.32819.101
MinimumVisualStudioVersion = 10.0.40219.1
Project("{9A19103F-16F7-4668-BE54-9A1E7A4F7556}") = "Delivery.Api", "Delivery.Api\Delivery.Api.csproj", "{B75A3771-AB42-4C70-975F-9837FA3098A5}"
EndProject
Project("{FAE04EC0-301F-11D3-BF4B-00C04F79EFBC}") = "Delivery.Api.Tests", "Delivery.Api.Tests\Delivery.Api.Tests.csproj", "{29E7FB06-9499-4DDC-BB9B-82D4C007F8FF}"
	ProjectSection(ProjectDependencies) = postProject
		{B75A3771-AB42-4C70-975F-9837FA3098A5} = {B75A3771-AB42-4C70-975F-9837FA3098A5}
	EndProjectSection
EndProject
Global
	GlobalSection(SolutionConfigurationPlatforms) = preSolution
		Debug|Any CPU = Debug|Any CPU
		Release|Any CPU = Release|Any CPU
	EndGlobalSection
	GlobalSection(ProjectConfigurationPlatforms) = postSolution
		{B75A3771-AB42-4C70-975F-9837FA3098A5}.Debug|Any CPU.ActiveCfg = Debug|Any CPU
		{B75A3771-AB42-4C70-975F-9837FA3098A5}.Debug|Any CPU.Build.0 = Debug|Any CPU
		{B75A3771-AB42-4C70-975F-9837FA3098A5}.Release|Any CPU.ActiveCfg = Release|Any CPU
		{B75A3771-AB42-4C70-975F-9837FA3098A5}.Release|Any CPU.Build.0 = Release|Any CPU
		{29E7FB06-9499-4DDC-BB9B-82D4C007F8FF}.Debug|Any CPU.ActiveCfg = Debug|Any CPU
		{29E7FB06-9499-4DDC-BB9B-82D4C007F8FF}.Debug|Any CPU.Build.0 = Debug|Any CPU
		{29E7FB06-9499-4DDC-BB9B-82D4C007F8FF}.Release|Any CPU.ActiveCfg = Release|Any CPU
		{29E7FB06-9499-4DDC-BB9B-82D4C007F8FF}.Release|Any CPU.Build.0 = Release|Any CPU
	EndGlobalSection
	GlobalSection(SolutionProperties) = preSolution
		HideSolutionNode = FALSE
	EndGlobalSection
	GlobalSection(ExtensibilityGlobals) = postSolution
		SolutionGuid = {3624CCC8-9939-46F5-BD3D-F91901C1D9C0}
	EndGlobalSection
EndGlobal
